
Microsoft Visual Studio Solution File, Format Version 12.00
# Visual Studio Version 17
VisualStudioVersion = 17.2.32616.157
MinimumVisualStudioVersion = 10.0.40219.1
Project("{FAE04EC0-301F-11D3-BF4B-00C04F79EFBC}") = "FutureValue", "FutureValue\FutureValue.csproj", "{33EBEAF9-0AED-4327-9884-1691FDCA4FBC}"
EndProject
Global
	GlobalSection(SolutionConfigurationPlatforms) = preSolution
		Debug|Any CPU = Debug|Any CPU
		Release|Any CPU = Release|Any CPU
	EndGlobalSection
	GlobalSection(ProjectConfigurationPlatforms) = postSolution
		{33EBEAF9-0AED-4327-9884-1691FDCA4FBC}.Debug|Any CPU.ActiveCfg = Debug|Any CPU
		{33EBEAF9-0AED-4327-9884-1691FDCA4FBC}.Debug|Any CPU.Build.0 = Debug|Any CPU
		{33EBEAF9-0AED-4327-9884-1691FDCA4FBC}.Release|Any CPU.ActiveCfg = Release|Any CPU
		{33EBEAF9-0AED-4327-9884-1691FDCA4FBC}.Release|Any CPU.Build.0 = Release|Any CPU
	EndGlobalSection
	GlobalSection(SolutionProperties) = preSolution
		HideSolutionNode = FALSE
	EndGlobalSection
	GlobalSection(ExtensibilityGlobals) = postSolution
		SolutionGuid = {4923AC32-80E7-4E7E-A7F7-1D1467E55920}
	EndGlobalSection
EndGlobal
